
Microsoft Visual Studio Solution File, Format Version 12.00
# Visual Studio Version 17
VisualStudioVersion = 17.14.36414.22 d17.14
MinimumVisualStudioVersion = 10.0.40219.1
Project("{FAE04EC0-301F-11D3-BF4B-00C04F79EFBC}") = "GenerativeAIFashion.AzureFunctionApp", "GenerativeAIFashion.AzureFunctionApp\GenerativeAIFashion.AzureFunctionApp.csproj", "{B55135F2-C21F-4430-BEE2-4042720B1890}"
EndProject
Global
	GlobalSection(SolutionConfigurationPlatforms) = preSolution
		Debug|Any CPU = Debug|Any CPU
		Release|Any CPU = Release|Any CPU
	EndGlobalSection
	GlobalSection(ProjectConfigurationPlatforms) = postSolution
		{B55135F2-C21F-4430-BEE2-4042720B1890}.Debug|Any CPU.ActiveCfg = Debug|Any CPU
		{B55135F2-C21F-4430-BEE2-4042720B1890}.Debug|Any CPU.Build.0 = Debug|Any CPU
		{B55135F2-C21F-4430-BEE2-4042720B1890}.Release|Any CPU.ActiveCfg = Release|Any CPU
		{B55135F2-C21F-4430-BEE2-4042720B1890}.Release|Any CPU.Build.0 = Release|Any CPU
	EndGlobalSection
	GlobalSection(SolutionProperties) = preSolution
		HideSolutionNode = FALSE
	EndGlobalSection
	GlobalSection(ExtensibilityGlobals) = postSolution
		SolutionGuid = {E8849702-5DF5-41D2-A461-4F0440AD3E20}
	EndGlobalSection
EndGlobal
